# THIS IS AN AUTOGENERATED FILE. DO NOT EDIT THIS FILE DIRECTLY.
# yarn lockfile v1


ast-types@0.9.11:
  version "0.9.11"
  resolved "https://registry.yarnpkg.com/ast-types/-/ast-types-0.9.11.tgz#371177bb59232ff5ceaa1d09ee5cad705b1a5aa9"

async@^2.1.4:
  version "2.5.0"
  resolved "https://registry.yarnpkg.com/async/-/async-2.5.0.tgz#843190fd6b7357a0b9e1c956edddd5ec8462b54d"
  dependencies:
    lodash "^4.14.0"

babel-runtime@^6.9.2:
  version "6.25.0"
  resolved "https://registry.yarnpkg.com/babel-runtime/-/babel-runtime-6.25.0.tgz#33b98eaa5d482bb01a8d1aa6b437ad2b01aec41c"
  dependencies:
    core-js "^2.4.0"
    regenerator-runtime "^0.10.0"

babylon@~5.8.3:
  version "5.8.38"
  resolved "https://registry.yarnpkg.com/babylon/-/babylon-5.8.38.tgz#ec9b120b11bf6ccd4173a18bf217e60b79859ffd"

balanced-match@^1.0.0:
  version "1.0.0"
  resolved "https://registry.yarnpkg.com/balanced-match/-/balanced-match-1.0.0.tgz#89b4d199ab2bee49de164ea02b89ce462d71b767"

brace-expansion@^1.1.7:
  version "1.1.8"
  resolved "https://registry.yarnpkg.com/brace-expansion/-/brace-expansion-1.1.8.tgz#c07b211c7c952ec1f8efd51a77ef0d1d3990a292"
  dependencies:
    balanced-match "^1.0.0"
    concat-map "0.0.1"

commander@^2.9.0:
  version "2.11.0"
  resolved "https://registry.yarnpkg.com/commander/-/commander-2.11.0.tgz#157152fd1e7a6c8d98a5b715cf376df928004563"

concat-map@0.0.1:
  version "0.0.1"
  resolved "https://registry.yarnpkg.com/concat-map/-/concat-map-0.0.1.tgz#d8a96bd77fd68df7793a73036a3ba0d5405d477b"

core-js@^2.4.0, core-js@^2.4.1:
  version "2.4.1"
  resolved "https://registry.yarnpkg.com/core-js/-/core-js-2.4.1.tgz#4de911e667b0eae9124e34254b53aea6fc618d3e"

doctrine@^2.0.0:
  version "2.0.0"
  resolved "https://registry.yarnpkg.com/doctrine/-/doctrine-2.0.0.tgz#c73d8d2909d22291e1a007a395804da8b665fe63"
  dependencies:
    esutils "^2.0.2"
    isarray "^1.0.0"

esprima@~4.0.0:
  version "4.0.0"
  resolved "https://registry.yarnpkg.com/esprima/-/esprima-4.0.0.tgz#4499eddcd1110e0b218bacf2fa7f7f59f55ca804"

esutils@^2.0.2:
  version "2.0.2"
  resolved "https://registry.yarnpkg.com/esutils/-/esutils-2.0.2.tgz#0abf4f1caa5bcb1f7a9d8acc6dea4faaa04bac9b"

isarray@^1.0.0:
  version "1.0.0"
  resolved "https://registry.yarnpkg.com/isarray/-/isarray-1.0.0.tgz#bb935d48582cba168c06834957a54a3e07124f11"

lodash@^4.14.0:
  version "4.17.4"
  resolved "https://registry.yarnpkg.com/lodash/-/lodash-4.17.4.tgz#78203a4d1c328ae1d86dca6460e369b57f4055ae"

minimatch@^3.0.2:
  version "3.0.4"
  resolved "https://registry.yarnpkg.com/minimatch/-/minimatch-3.0.4.tgz#5166e286457f03306064be5497e8dbb0c3d32083"
  dependencies:
    brace-expansion "^1.1.7"

node-dir@^0.1.10:
  version "0.1.17"
  resolved "https://registry.yarnpkg.com/node-dir/-/node-dir-0.1.17.tgz#5f5665d93351335caabef8f1c554516cf5f1e4e5"
  dependencies:
    minimatch "^3.0.2"

private@~0.1.5:
  version "0.1.7"
  resolved "https://registry.yarnpkg.com/private/-/private-0.1.7.tgz#68ce5e8a1ef0a23bb570cc28537b5332aba63ef1"

react-docgen@^2.17.0:
  version "2.17.0"
  resolved "https://registry.yarnpkg.com/react-docgen/-/react-docgen-2.17.0.tgz#b0f3e85af955714e1067593c1043cb82611a93d1"
  dependencies:
    async "^2.1.4"
    babel-runtime "^6.9.2"
    babylon "~5.8.3"
    commander "^2.9.0"
    doctrine "^2.0.0"
    node-dir "^0.1.10"
    recast "^0.12.6"

recast@^0.12.6:
  version "0.12.6"
  resolved "https://registry.yarnpkg.com/recast/-/recast-0.12.6.tgz#4b0fb82feb1d10b3bd62d34943426d9b3ed30d4c"
  dependencies:
    ast-types "0.9.11"
    core-js "^2.4.1"
    esprima "~4.0.0"
    private "~0.1.5"
    source-map "~0.5.0"

regenerator-runtime@^0.10.0:
  version "0.10.5"
  resolved "https://registry.yarnpkg.com/regenerator-runtime/-/regenerator-runtime-0.10.5.tgz#336c3efc1220adcedda2c9fab67b5a7955a33658"

source-map@~0.5.0:
  version "0.5.6"
  resolved "https://registry.yarnpkg.com/source-map/-/source-map-0.5.6.tgz#75ce38f52bf0733c5a7f0c118d81334a2bb5f412"
